
Microsoft Visual Studio Solution File, Format Version 12.00
# Visual Studio 15
VisualStudioVersion = 15.0.27520.0
MinimumVisualStudioVersion = 10.0.40219.1
Project("{FAE04EC0-301F-11D3-BF4B-00C04F79EFBC}") = "GitTest", "GitTest\GitTest.csproj", "{6A6DA86D-E01F-46B3-97F3-6F43ED22A037}"
EndProject
Global
	GlobalSection(SolutionConfigurationPlatforms) = preSolution
		Debug|Any CPU = Debug|Any CPU
		Release|Any CPU = Release|Any CPU
	EndGlobalSection
	GlobalSection(ProjectConfigurationPlatforms) = postSolution
		{6A6DA86D-E01F-46B3-97F3-6F43ED22A037}.Debug|Any CPU.ActiveCfg = Debug|Any CPU
		{6A6DA86D-E01F-46B3-97F3-6F43ED22A037}.Debug|Any CPU.Build.0 = Debug|Any CPU
		{6A6DA86D-E01F-46B3-97F3-6F43ED22A037}.Release|Any CPU.ActiveCfg = Release|Any CPU
		{6A6DA86D-E01F-46B3-97F3-6F43ED22A037}.Release|Any CPU.Build.0 = Release|Any CPU
	EndGlobalSection
	GlobalSection(SolutionProperties) = preSolution
		HideSolutionNode = FALSE
	EndGlobalSection
	GlobalSection(ExtensibilityGlobals) = postSolution
		SolutionGuid = {901800E8-F23E-4B9E-9195-73D82FAD3CFB}
	EndGlobalSection
EndGlobal
